Microsoft Visual Studio Solution File, Format Version 12.00
# Visual Studio Version 17
VisualStudioVersion = 17.5.2.0
MinimumVisualStudioVersion = 10.0.40219.1
Project("{FAE04EC0-301F-11D3-BF4B-00C04F79EFBC}") = "IntroTopic", "IntroTopic\IntroTopic.csproj", "{CAAA20CF-FAE5-84CF-BECA-132BD7FFFD18}"
EndProject
Global
	GlobalSection(SolutionConfigurationPlatforms) = preSolution
		Debug|Any CPU = Debug|Any CPU
		Release|Any CPU = Release|Any CPU
	EndGlobalSection
	GlobalSection(ProjectConfigurationPlatforms) = postSolution
		{CAAA20CF-FAE5-84CF-BECA-132BD7FFFD18}.Debug|Any CPU.ActiveCfg = Debug|Any CPU
		{CAAA20CF-FAE5-84CF-BECA-132BD7FFFD18}.Debug|Any CPU.Build.0 = Debug|Any CPU
		{CAAA20CF-FAE5-84CF-BECA-132BD7FFFD18}.Release|Any CPU.ActiveCfg = Release|Any CPU
		{CAAA20CF-FAE5-84CF-BECA-132BD7FFFD18}.Release|Any CPU.Build.0 = Release|Any CPU
	EndGlobalSection
	GlobalSection(SolutionProperties) = preSolution
		HideSolutionNode = FALSE
	EndGlobalSection
	GlobalSection(ExtensibilityGlobals) = postSolution
		SolutionGuid = {FAEF6DE0-D008-4A1A-8E10-101AEB8BE320}
	EndGlobalSection
EndGlobal
