Microsoft Visual Studio Solution File, Format Version 12.00
# Visual Studio Version 17
VisualStudioVersion = 17.5.2.0
MinimumVisualStudioVersion = 10.0.40219.1
Project("{FAE04EC0-301F-11D3-BF4B-00C04F79EFBC}") = "PayrollCalculator", "PayrollCalculator.csproj", "{2E9F45EE-2D1B-BCCF-0A69-2A805D2D2670}"
EndProject
Global
	GlobalSection(SolutionConfigurationPlatforms) = preSolution
		Debug|Any CPU = Debug|Any CPU
		Release|Any CPU = Release|Any CPU
	EndGlobalSection
	GlobalSection(ProjectConfigurationPlatforms) = postSolution
		{2E9F45EE-2D1B-BCCF-0A69-2A805D2D2670}.Debug|Any CPU.ActiveCfg = Debug|Any CPU
		{2E9F45EE-2D1B-BCCF-0A69-2A805D2D2670}.Debug|Any CPU.Build.0 = Debug|Any CPU
		{2E9F45EE-2D1B-BCCF-0A69-2A805D2D2670}.Release|Any CPU.ActiveCfg = Release|Any CPU
		{2E9F45EE-2D1B-BCCF-0A69-2A805D2D2670}.Release|Any CPU.Build.0 = Release|Any CPU
	EndGlobalSection
	GlobalSection(SolutionProperties) = preSolution
		HideSolutionNode = FALSE
	EndGlobalSection
	GlobalSection(ExtensibilityGlobals) = postSolution
		SolutionGuid = {49D763BF-1757-4AD2-AE10-66CBE0A477C2}
	EndGlobalSection
EndGlobal
